
Microsoft Visual Studio Solution File, Format Version 12.00
# Visual Studio Version 17
VisualStudioVersion = 17.2.32630.192
MinimumVisualStudioVersion = 10.0.40219.1
Project("{FAE04EC0-301F-11D3-BF4B-00C04F79EFBC}") = "back_taller.API", "back_taller.API\back_taller.API.csproj", "{7C6F87DA-B0D7-4772-AD6F-C598EA121F0B}"
EndProject
Global
	GlobalSection(SolutionConfigurationPlatforms) = preSolution
		Debug|Any CPU = Debug|Any CPU
		Release|Any CPU = Release|Any CPU
	EndGlobalSection
	GlobalSection(ProjectConfigurationPlatforms) = postSolution
		{7C6F87DA-B0D7-4772-AD6F-C598EA121F0B}.Debug|Any CPU.ActiveCfg = Debug|Any CPU
		{7C6F87DA-B0D7-4772-AD6F-C598EA121F0B}.Debug|Any CPU.Build.0 = Debug|Any CPU
		{7C6F87DA-B0D7-4772-AD6F-C598EA121F0B}.Release|Any CPU.ActiveCfg = Release|Any CPU
		{7C6F87DA-B0D7-4772-AD6F-C598EA121F0B}.Release|Any CPU.Build.0 = Release|Any CPU
	EndGlobalSection
	GlobalSection(SolutionProperties) = preSolution
		HideSolutionNode = FALSE
	EndGlobalSection
	GlobalSection(ExtensibilityGlobals) = postSolution
		SolutionGuid = {681834F6-868B-4735-8609-1EB31E391790}
	EndGlobalSection
EndGlobal
